// !$*UTF8*$!
{
	archiveVersion = 1;
	classes = {
	};
	objectVersion = 55;
	objects = {

/* Begin PBXBuildFile section */
		0ECE8416272F9225008FA06C /* EditGroceryViewController.swift in Sources */ = {isa = PBXBuildFile; fileRef = 0ECE8412272F9225008FA06C /* EditGroceryViewController.swift */; };
		0ECE8417272F9225008FA06C /* GroceryListViewController.swift in Sources */ = {isa = PBXBuildFile; fileRef = 0ECE8413272F9225008FA06C /* GroceryListViewController.swift */; };
		0ECE8418272F9225008FA06C /* AddGroceryViewController.swift in Sources */ = {isa = PBXBuildFile; fileRef = 0ECE8414272F9225008FA06C /* AddGroceryViewController.swift */; };
		0ECE8419272F9225008FA06C /* GroceryItem.swift in Sources */ = {isa = PBXBuildFile; fileRef = 0ECE8415272F9225008FA06C /* GroceryItem.swift */; };
		8811F17823393F6F7ED687EB /* Pods_FridgeView.framework in Frameworks */ = {isa = PBXBuildFile; fileRef = 610368300FA77DE5AFFF55E2 /* Pods_FridgeView.framework */; };
		E3041F58272C75BA00990225 /* AppDelegate.swift in Sources */ = {isa = PBXBuildFile; fileRef = E3041F57272C75BA00990225 /* AppDelegate.swift */; };
		E3041F5A272C75BA00990225 /* SceneDelegate.swift in Sources */ = {isa = PBXBuildFile; fileRef = E3041F59272C75BA00990225 /* SceneDelegate.swift */; };
		E3041F61272C75BB00990225 /* Assets.xcassets in Resources */ = {isa = PBXBuildFile; fileRef = E3041F60272C75BB00990225 /* Assets.xcassets */; };
		E3041F64272C75BB00990225 /* LaunchScreen.storyboard in Resources */ = {isa = PBXBuildFile; fileRef = E3041F62272C75BB00990225 /* LaunchScreen.storyboard */; };
		E3041F6B272C75F200990225 /* Main.storyboard in Resources */ = {isa = PBXBuildFile; fileRef = E3041F5D272C75BA00990225 /* Main.storyboard */; };
		E3041F6D272C7A9800990225 /* Item.swift in Sources */ = {isa = PBXBuildFile; fileRef = E3041F6C272C7A9700990225 /* Item.swift */; };
		E312CC94274DC99100DE8F20 /* SelectItemViewController.swift in Sources */ = {isa = PBXBuildFile; fileRef = E312CC93274DC99100DE8F20 /* SelectItemViewController.swift */; };
		E32BF83627517D9A00CF7B34 /* Cell.swift in Sources */ = {isa = PBXBuildFile; fileRef = E32BF83427517D9A00CF7B34 /* Cell.swift */; };
		E32BF84A2751802800CF7B34 /* CheckBoxChecked.png in Resources */ = {isa = PBXBuildFile; fileRef = E32BF8492751802800CF7B34 /* CheckBoxChecked.png */; };
		E32BF84C2754133400CF7B34 /* RecipeViewController.swift in Sources */ = {isa = PBXBuildFile; fileRef = E32BF84B2754133400CF7B34 /* RecipeViewController.swift */; };
		E39C7420272C872B00A83CB7 /* AddItemViewController.swift in Sources */ = {isa = PBXBuildFile; fileRef = E39C741F272C872B00A83CB7 /* AddItemViewController.swift */; };
		E39C7422272C88A200A83CB7 /* ListViewController.swift in Sources */ = {isa = PBXBuildFile; fileRef = E39C7421272C88A200A83CB7 /* ListViewController.swift */; };
		E3B66F8F272CA4EC00DF9FD8 /* EditViewController.swift in Sources */ = {isa = PBXBuildFile; fileRef = E3B66F8E272CA4EC00DF9FD8 /* EditViewController.swift */; };
/* End PBXBuildFile section */

/* Begin PBXFileReference section */
		0ECE8412272F9225008FA06C /* EditGroceryViewController.swift */ = {isa = PBXFileReference; fileEncoding = 4; lastKnownFileType = sourcecode.swift; path = EditGroceryViewController.swift; sourceTree = "<group>"; };
		0ECE8413272F9225008FA06C /* GroceryListViewController.swift */ = {isa = PBXFileReference; fileEncoding = 4; lastKnownFileType = sourcecode.swift; path = GroceryListViewController.swift; sourceTree = "<group>"; };
		0ECE8414272F9225008FA06C /* AddGroceryViewController.swift */ = {isa = PBXFileReference; fileEncoding = 4; lastKnownFileType = sourcecode.swift; path = AddGroceryViewController.swift; sourceTree = "<group>"; };
		0ECE8415272F9225008FA06C /* GroceryItem.swift */ = {isa = PBXFileReference; fileEncoding = 4; lastKnownFileType = sourcecode.swift; path = GroceryItem.swift; sourceTree = "<group>"; };
		610368300FA77DE5AFFF55E2 /* Pods_FridgeView.framework */ = {isa = PBXFileReference; explicitFileType = wrapper.framework; includeInIndex = 0; path = Pods_FridgeView.framework; sourceTree = BUILT_PRODUCTS_DIR; };
		BFD4A77C64CF25511E5E4041 /* Pods-FridgeView.release.xcconfig */ = {isa = PBXFileReference; includeInIndex = 1; lastKnownFileType = text.xcconfig; name = "Pods-FridgeView.release.xcconfig"; path = "Target Support Files/Pods-FridgeView/Pods-FridgeView.release.xcconfig"; sourceTree = "<group>"; };
		C0D2B5E448ACB09E2CB42F76 /* Pods-FridgeView.debug.xcconfig */ = {isa = PBXFileReference; includeInIndex = 1; lastKnownFileType = text.xcconfig; name = "Pods-FridgeView.debug.xcconfig"; path = "Target Support Files/Pods-FridgeView/Pods-FridgeView.debug.xcconfig"; sourceTree = "<group>"; };
		E3041F54272C75BA00990225 /* FridgeView.app */ = {isa = PBXFileReference; explicitFileType = wrapper.application; includeInIndex = 0; path = FridgeView.app; sourceTree = BUILT_PRODUCTS_DIR; };
		E3041F57272C75BA00990225 /* AppDelegate.swift */ = {isa = PBXFileReference; lastKnownFileType = sourcecode.swift; path = AppDelegate.swift; sourceTree = "<group>"; };
		E3041F59272C75BA00990225 /* SceneDelegate.swift */ = {isa = PBXFileReference; lastKnownFileType = sourcecode.swift; path = SceneDelegate.swift; sourceTree = "<group>"; };
		E3041F5E272C75BA00990225 /* Base */ = {isa = PBXFileReference; lastKnownFileType = file.storyboard; name = Base; path = Base.lproj/Main.storyboard; sourceTree = "<group>"; };
		E3041F60272C75BB00990225 /* Assets.xcassets */ = {isa = PBXFileReference; lastKnownFileType = folder.assetcatalog; path = Assets.xcassets; sourceTree = "<group>"; };
		E3041F63272C75BB00990225 /* Base */ = {isa = PBXFileReference; lastKnownFileType = file.storyboard; name = Base; path = Base.lproj/LaunchScreen.storyboard; sourceTree = "<group>"; };
		E3041F65272C75BB00990225 /* Info.plist */ = {isa = PBXFileReference; lastKnownFileType = text.plist.xml; path = Info.plist; sourceTree = "<group>"; };
		E3041F6C272C7A9700990225 /* Item.swift */ = {isa = PBXFileReference; lastKnownFileType = sourcecode.swift; path = Item.swift; sourceTree = "<group>"; };
		E312CC93274DC99100DE8F20 /* SelectItemViewController.swift */ = {isa = PBXFileReference; lastKnownFileType = sourcecode.swift; path = SelectItemViewController.swift; sourceTree = "<group>"; };
		E32BF83427517D9A00CF7B34 /* Cell.swift */ = {isa = PBXFileReference; fileEncoding = 4; lastKnownFileType = sourcecode.swift; path = Cell.swift; sourceTree = "<group>"; };
		E32BF83F27517E2700CF7B34 /* CheckBoxUnChecked.png */ = {isa = PBXFileReference; lastKnownFileType = image.png; path = CheckBoxUnChecked.png; sourceTree = "<group>"; };
		E32BF8492751802800CF7B34 /* CheckBoxChecked.png */ = {isa = PBXFileReference; lastKnownFileType = image.png; path = CheckBoxChecked.png; sourceTree = "<group>"; };
		E32BF84B2754133400CF7B34 /* RecipeViewController.swift */ = {isa = PBXFileReference; lastKnownFileType = sourcecode.swift; path = RecipeViewController.swift; sourceTree = "<group>"; };
		E39C741F272C872B00A83CB7 /* AddItemViewController.swift */ = {isa = PBXFileReference; lastKnownFileType = sourcecode.swift; path = AddItemViewController.swift; sourceTree = "<group>"; };
		E39C7421272C88A200A83CB7 /* ListViewController.swift */ = {isa = PBXFileReference; lastKnownFileType = sourcecode.swift; path = ListViewController.swift; sourceTree = "<group>"; };
		E3B66F8E272CA4EC00DF9FD8 /* EditViewController.swift */ = {isa = PBXFileReference; lastKnownFileType = sourcecode.swift; path = EditViewController.swift; sourceTree = "<group>"; };
/* End PBXFileReference section */

/* Begin PBXFrameworksBuildPhase section */
		E3041F51272C75BA00990225 /* Frameworks */ = {
			isa = PBXFrameworksBuildPhase;
			buildActionMask = 2147483647;
			files = (
				8811F17823393F6F7ED687EB /* Pods_FridgeView.framework in Frameworks */,
			);
			runOnlyForDeploymentPostprocessing = 0;
		};
/* End PBXFrameworksBuildPhase section */

/* Begin PBXGroup section */
		610CDB5D8EA420463A3B908C /* Pods */ = {
			isa = PBXGroup;
			children = (
				C0D2B5E448ACB09E2CB42F76 /* Pods-FridgeView.debug.xcconfig */,
				BFD4A77C64CF25511E5E4041 /* Pods-FridgeView.release.xcconfig */,
			);
			name = Pods;
			path = Pods;
			sourceTree = "<group>";
		};
		9EC9DBA8D3B55268902BF796 /* Frameworks */ = {
			isa = PBXGroup;
			children = (
				610368300FA77DE5AFFF55E2 /* Pods_FridgeView.framework */,
			);
			name = Frameworks;
			sourceTree = "<group>";
		};
		E3041F4B272C75BA00990225 = {
			isa = PBXGroup;
			children = (
				E3041F56272C75BA00990225 /* FridgeView */,
				E3041F55272C75BA00990225 /* Products */,
				610CDB5D8EA420463A3B908C /* Pods */,
				9EC9DBA8D3B55268902BF796 /* Frameworks */,
			);
			sourceTree = "<group>";
		};
		E3041F55272C75BA00990225 /* Products */ = {
			isa = PBXGroup;
			children = (
				E3041F54272C75BA00990225 /* FridgeView.app */,
			);
			name = Products;
			sourceTree = "<group>";
		};
		E3041F56272C75BA00990225 /* FridgeView */ = {
			isa = PBXGroup;
			children = (
				E32BF83427517D9A00CF7B34 /* Cell.swift */,
				0ECE8414272F9225008FA06C /* AddGroceryViewController.swift */,
				0ECE8412272F9225008FA06C /* EditGroceryViewController.swift */,
				0ECE8415272F9225008FA06C /* GroceryItem.swift */,
				0ECE8413272F9225008FA06C /* GroceryListViewController.swift */,
				E3041F57272C75BA00990225 /* AppDelegate.swift */,
				E3041F59272C75BA00990225 /* SceneDelegate.swift */,
				E3041F5D272C75BA00990225 /* Main.storyboard */,
				E3041F60272C75BB00990225 /* Assets.xcassets */,
				E32BF8492751802800CF7B34 /* CheckBoxChecked.png */,
				E32BF83F27517E2700CF7B34 /* CheckBoxUnChecked.png */,
				E3041F62272C75BB00990225 /* LaunchScreen.storyboard */,
				E3041F65272C75BB00990225 /* Info.plist */,
				E3041F6C272C7A9700990225 /* Item.swift */,
				E39C741F272C872B00A83CB7 /* AddItemViewController.swift */,
				E39C7421272C88A200A83CB7 /* ListViewController.swift */,
				E3B66F8E272CA4EC00DF9FD8 /* EditViewController.swift */,
				E312CC93274DC99100DE8F20 /* SelectItemViewController.swift */,
				E32BF84B2754133400CF7B34 /* RecipeViewController.swift */,
			);
			path = FridgeView;
			sourceTree = "<group>";
		};
/* End PBXGroup section */

/* Begin PBXNativeTarget section */
		E3041F53272C75BA00990225 /* FridgeView */ = {
			isa = PBXNativeTarget;
			buildConfigurationList = E3041F68272C75BB00990225 /* Build configuration list for PBXNativeTarget "FridgeView" */;
			buildPhases = (
				A2AB449B7DAB0C559E8F74B7 /* [CP] Check Pods Manifest.lock */,
				E3041F50272C75BA00990225 /* Sources */,
				E3041F51272C75BA00990225 /* Frameworks */,
				E3041F52272C75BA00990225 /* Resources */,
				6FFBCA6019C882BAD2E67DB1 /* [CP] Embed Pods Frameworks */,
			);
			buildRules = (
			);
			dependencies = (
			);
			name = FridgeView;
			productName = FridgeView;
			productReference = E3041F54272C75BA00990225 /* FridgeView.app */;
			productType = "com.apple.product-type.application";
		};
/* End PBXNativeTarget section */

/* Begin PBXProject section */
		E3041F4C272C75BA00990225 /* Project object */ = {
			isa = PBXProject;
			attributes = {
				BuildIndependentTargetsInParallel = 1;
				LastSwiftUpdateCheck = 1300;
				LastUpgradeCheck = 1300;
				TargetAttributes = {
					E3041F53272C75BA00990225 = {
						CreatedOnToolsVersion = 13.0;
					};
				};
			};
			buildConfigurationList = E3041F4F272C75BA00990225 /* Build configuration list for PBXProject "FridgeView" */;
			compatibilityVersion = "Xcode 13.0";
			developmentRegion = en;
			hasScannedForEncodings = 0;
			knownRegions = (
				en,
				Base,
			);
			mainGroup = E3041F4B272C75BA00990225;
			productRefGroup = E3041F55272C75BA00990225 /* Products */;
			projectDirPath = "";
			projectRoot = "";
			targets = (
				E3041F53272C75BA00990225 /* FridgeView */,
			);
		};
/* End PBXProject section */

/* Begin PBXResourcesBuildPhase section */
		E3041F52272C75BA00990225 /* Resources */ = {
			isa = PBXResourcesBuildPhase;
			buildActionMask = 2147483647;
			files = (
				E32BF84A2751802800CF7B34 /* CheckBoxChecked.png in Resources */,
				E3041F6B272C75F200990225 /* Main.storyboard in Resources */,
				E3041F64272C75BB00990225 /* LaunchScreen.storyboard in Resources */,
				E3041F61272C75BB00990225 /* Assets.xcassets in Resources */,
			);
			runOnlyForDeploymentPostprocessing = 0;
		};
/* End PBXResourcesBuildPhase section */

/* Begin PBXShellScriptBuildPhase section */
		6FFBCA6019C882BAD2E67DB1 /* [CP] Embed Pods Frameworks */ = {
			isa = PBXShellScriptBuildPhase;
			buildActionMask = 2147483647;
			files = (
			);
			inputFileListPaths = (
				"${PODS_ROOT}/Target Support Files/Pods-FridgeView/Pods-FridgeView-frameworks-${CONFIGURATION}-input-files.xcfilelist",
			);
			name = "[CP] Embed Pods Frameworks";
			outputFileListPaths = (
				"${PODS_ROOT}/Target Support Files/Pods-FridgeView/Pods-FridgeView-frameworks-${CONFIGURATION}-output-files.xcfilelist",
			);
			runOnlyForDeploymentPostprocessing = 0;
			shellPath = /bin/sh;
			shellScript = "\"${PODS_ROOT}/Target Support Files/Pods-FridgeView/Pods-FridgeView-frameworks.sh\"\n";
			showEnvVarsInLog = 0;
		};
		A2AB449B7DAB0C559E8F74B7 /* [CP] Check Pods Manifest.lock */ = {
			isa = PBXShellScriptBuildPhase;
			buildActionMask = 2147483647;
			files = (
			);
			inputFileListPaths = (
			);
			inputPaths = (
				"${PODS_PODFILE_DIR_PATH}/Podfile.lock",
				"${PODS_ROOT}/Manifest.lock",
			);
			name = "[CP] Check Pods Manifest.lock";
			outputFileListPaths = (
			);
			outputPaths = (
				"$(DERIVED_FILE_DIR)/Pods-FridgeView-checkManifestLockResult.txt",
			);
			runOnlyForDeploymentPostprocessing = 0;
			shellPath = /bin/sh;
			shellScript = "diff \"${PODS_PODFILE_DIR_PATH}/Podfile.lock\" \"${PODS_ROOT}/Manifest.lock\" > /dev/null\nif [ $? != 0 ] ; then\n    # print error to STDERR\n    echo \"error: The sandbox is not in sync with the Podfile.lock. Run 'pod install' or update your CocoaPods installation.\" >&2\n    exit 1\nfi\n# This output is used by Xcode 'outputs' to avoid re-running this script phase.\necho \"SUCCESS\" > \"${SCRIPT_OUTPUT_FILE_0}\"\n";
			showEnvVarsInLog = 0;
		};
/* End PBXShellScriptBuildPhase section */

/* Begin PBXSourcesBuildPhase section */
		E3041F50272C75BA00990225 /* Sources */ = {
			isa = PBXSourcesBuildPhase;
			buildActionMask = 2147483647;
			files = (
				0ECE8418272F9225008FA06C /* AddGroceryViewController.swift in Sources */,
				E39C7420272C872B00A83CB7 /* AddItemViewController.swift in Sources */,
				E32BF84C2754133400CF7B34 /* RecipeViewController.swift in Sources */,
				E3041F6D272C7A9800990225 /* Item.swift in Sources */,
				0ECE8417272F9225008FA06C /* GroceryListViewController.swift in Sources */,
				0ECE8416272F9225008FA06C /* EditGroceryViewController.swift in Sources */,
				E32BF83627517D9A00CF7B34 /* Cell.swift in Sources */,
				E3B66F8F272CA4EC00DF9FD8 /* EditViewController.swift in Sources */,
				E3041F58272C75BA00990225 /* AppDelegate.swift in Sources */,
				0ECE8419272F9225008FA06C /* GroceryItem.swift in Sources */,
				E39C7422272C88A200A83CB7 /* ListViewController.swift in Sources */,
				E312CC94274DC99100DE8F20 /* SelectItemViewController.swift in Sources */,
				E3041F5A272C75BA00990225 /* SceneDelegate.swift in Sources */,
			);
			runOnlyForDeploymentPostprocessing = 0;
		};
/* End PBXSourcesBuildPhase section */

/* Begin PBXVariantGroup section */
		E3041F5D272C75BA00990225 /* Main.storyboard */ = {
			isa = PBXVariantGroup;
			children = (
				E3041F5E272C75BA00990225 /* Base */,
			);
			name = Main.storyboard;
			sourceTree = "<group>";
		};
		E3041F62272C75BB00990225 /* LaunchScreen.storyboard */ = {
			isa = PBXVariantGroup;
			children = (
				E3041F63272C75BB00990225 /* Base */,
			);
			name = LaunchScreen.storyboard;
			sourceTree = "<group>";
		};
/* End PBXVariantGroup section */

/* Begin XCBuildConfiguration section */
		E3041F66272C75BB00990225 /* Debug */ = {
			isa = XCBuildConfiguration;
			buildSettings = {
				ALWAYS_SEARCH_USER_PATHS = NO;
				CLANG_ANALYZER_NONNULL = YES;
				CLANG_ANALYZER_NUMBER_OBJECT_CONVERSION = YES_AGGRESSIVE;
				CLANG_CXX_LANGUAGE_STANDARD = "gnu++17";
				CLANG_CXX_LIBRARY = "libc++";
				CLANG_ENABLE_MODULES = YES;
				CLANG_ENABLE_OBJC_ARC = YES;
				CLANG_ENABLE_OBJC_WEAK = YES;
				CLANG_WARN_BLOCK_CAPTURE_AUTORELEASING = YES;
				CLANG_WARN_BOOL_CONVERSION = YES;
				CLANG_WARN_COMMA = YES;
				CLANG_WARN_CONSTANT_CONVERSION = YES;
				CLANG_WARN_DEPRECATED_OBJC_IMPLEMENTATIONS = YES;
				CLANG_WARN_DIRECT_OBJC_ISA_USAGE = YES_ERROR;
				CLANG_WARN_DOCUMENTATION_COMMENTS = YES;
				CLANG_WARN_EMPTY_BODY = YES;
				CLANG_WARN_ENUM_CONVERSION = YES;
				CLANG_WARN_INFINITE_RECURSION = YES;
				CLANG_WARN_INT_CONVERSION = YES;
				CLANG_WARN_NON_LITERAL_NULL_CONVERSION = YES;
				CLANG_WARN_OBJC_IMPLICIT_RETAIN_SELF = YES;
				CLANG_WARN_OBJC_LITERAL_CONVERSION = YES;
				CLANG_WARN_OBJC_ROOT_CLASS = YES_ERROR;
				CLANG_WARN_QUOTED_INCLUDE_IN_FRAMEWORK_HEADER = YES;
				CLANG_WARN_RANGE_LOOP_ANALYSIS = YES;
				CLANG_WARN_STRICT_PROTOTYPES = YES;
				CLANG_WARN_SUSPICIOUS_MOVE = YES;
				CLANG_WARN_UNGUARDED_AVAILABILITY = YES_AGGRESSIVE;
				CLANG_WARN_UNREACHABLE_CODE = YES;
				CLANG_WARN__DUPLICATE_METHOD_MATCH = YES;
				COPY_PHASE_STRIP = NO;
				DEBUG_INFORMATION_FORMAT = dwarf;
				ENABLE_STRICT_OBJC_MSGSEND = YES;
				ENABLE_TESTABILITY = YES;
				GCC_C_LANGUAGE_STANDARD = gnu11;
				GCC_DYNAMIC_NO_PIC = NO;
				GCC_NO_COMMON_BLOCKS = YES;
				GCC_OPTIMIZATION_LEVEL = 0;
				GCC_PREPROCESSOR_DEFINITIONS = (
					"DEBUG=1",
					"$(inherited)",
				);
				GCC_WARN_64_TO_32_BIT_CONVERSION = YES;
				GCC_WARN_ABOUT_RETURN_TYPE = YES_ERROR;
				GCC_WARN_UNDECLARED_SELECTOR = YES;
				GCC_WARN_UNINITIALIZED_AUTOS = YES_AGGRESSIVE;
				GCC_WARN_UNUSED_FUNCTION = YES;
				GCC_WARN_UNUSED_VARIABLE = YES;
				IPHONEOS_DEPLOYMENT_TARGET = 15.0;
				MTL_ENABLE_DEBUG_INFO = INCLUDE_SOURCE;
				MTL_FAST_MATH = YES;
				ONLY_ACTIVE_ARCH = YES;
				SDKROOT = iphoneos;
				SWIFT_ACTIVE_COMPILATION_CONDITIONS = DEBUG;
				SWIFT_OPTIMIZATION_LEVEL = "-Onone";
			};
			name = Debug;
		};
		E3041F67272C75BB00990225 /* Release */ = {
			isa = XCBuildConfiguration;
			buildSettings = {
				ALWAYS_SEARCH_USER_PATHS = NO;
				CLANG_ANALYZER_NONNULL = YES;
				CLANG_ANALYZER_NUMBER_OBJECT_CONVERSION = YES_AGGRESSIVE;
				CLANG_CXX_LANGUAGE_STANDARD = "gnu++17";
				CLANG_CXX_LIBRARY = "libc++";
				CLANG_ENABLE_MODULES = YES;
				CLANG_ENABLE_OBJC_ARC = YES;
				CLANG_ENABLE_OBJC_WEAK = YES;
				CLANG_WARN_BLOCK_CAPTURE_AUTORELEASING = YES;
				CLANG_WARN_BOOL_CONVERSION = YES;
				CLANG_WARN_COMMA = YES;
				CLANG_WARN_CONSTANT_CONVERSION = YES;
				CLANG_WARN_DEPRECATED_OBJC_IMPLEMENTATIONS = YES;
				CLANG_WARN_DIRECT_OBJC_ISA_USAGE = YES_ERROR;
				CLANG_WARN_DOCUMENTATION_COMMENTS = YES;
				CLANG_WARN_EMPTY_BODY = YES;
				CLANG_WARN_ENUM_CONVERSION = YES;
				CLANG_WARN_INFINITE_RECURSION = YES;
				CLANG_WARN_INT_CONVERSION = YES;
				CLANG_WARN_NON_LITERAL_NULL_CONVERSION = YES;
				CLANG_WARN_OBJC_IMPLICIT_RETAIN_SELF = YES;
				CLANG_WARN_OBJC_LITERAL_CONVERSION = YES;
				CLANG_WARN_OBJC_ROOT_CLASS = YES_ERROR;
				CLANG_WARN_QUOTED_INCLUDE_IN_FRAMEWORK_HEADER = YES;
				CLANG_WARN_RANGE_LOOP_ANALYSIS = YES;
				CLANG_WARN_STRICT_PROTOTYPES = YES;
				CLANG_WARN_SUSPICIOUS_MOVE = YES;
				CLANG_WARN_UNGUARDED_AVAILABILITY = YES_AGGRESSIVE;
				CLANG_WARN_UNREACHABLE_CODE = YES;
				CLANG_WARN__DUPLICATE_METHOD_MATCH = YES;
				COPY_PHASE_STRIP = NO;
				DEBUG_INFORMATION_FORMAT = "dwarf-with-dsym";
				ENABLE_NS_ASSERTIONS = NO;
				ENABLE_STRICT_OBJC_MSGSEND = YES;
				GCC_C_LANGUAGE_STANDARD = gnu11;
				GCC_NO_COMMON_BLOCKS = YES;
				GCC_WARN_64_TO_32_BIT_CONVERSION = YES;
				GCC_WARN_ABOUT_RETURN_TYPE = YES_ERROR;
				GCC_WARN_UNDECLARED_SELECTOR = YES;
				GCC_WARN_UNINITIALIZED_AUTOS = YES_AGGRESSIVE;
				GCC_WARN_UNUSED_FUNCTION = YES;
				GCC_WARN_UNUSED_VARIABLE = YES;
				IPHONEOS_DEPLOYMENT_TARGET = 15.0;
				MTL_ENABLE_DEBUG_INFO = NO;
				MTL_FAST_MATH = YES;
				SDKROOT = iphoneos;
				SWIFT_COMPILATION_MODE = wholemodule;
				SWIFT_OPTIMIZATION_LEVEL = "-O";
				VALIDATE_PRODUCT = YES;
			};
			name = Release;
		};
		E3041F69272C75BB00990225 /* Debug */ = {
			isa = XCBuildConfiguration;
			baseConfigurationReference = C0D2B5E448ACB09E2CB42F76 /* Pods-FridgeView.debug.xcconfig */;
			buildSettings = {
				ASSETCATALOG_COMPILER_APPICON_NAME = AppIcon;
				ASSETCATALOG_COMPILER_GLOBAL_ACCENT_COLOR_NAME = AccentColor;
				CODE_SIGN_STYLE = Automatic;
				CURRENT_PROJECT_VERSION = 1;
				DEVELOPMENT_TEAM = AVSLM7BJQV;
				GENERATE_INFOPLIST_FILE = YES;
				INFOPLIST_FILE = FridgeView/Info.plist;
				INFOPLIST_KEY_NSCameraUsageDescription = "press yes";
				INFOPLIST_KEY_UIApplicationSupportsIndirectInputEvents = YES;
				INFOPLIST_KEY_UILaunchStoryboardName = LaunchScreen;
				INFOPLIST_KEY_UIMainStoryboardFile = Main;
				INFOPLIST_KEY_UISupportedInterfaceOrientations_iPad = "UIInterfaceOrientationPortrait UIInterfaceOrientationPortraitUpsideDown UIInterfaceOrientationLandscapeLeft UIInterfaceOrientationLandscapeRight";
				INFOPLIST_KEY_UISupportedInterfaceOrientations_iPhone = "UIInterfaceOrientationPortrait UIInterfaceOrientationLandscapeLeft UIInterfaceOrientationLandscapeRight";
				LD_RUNPATH_SEARCH_PATHS = (
					"$(inherited)",
					"@executable_path/Frameworks",
				);
				MARKETING_VERSION = 1.0;
				PRODUCT_BUNDLE_IDENTIFIER = edu.umich.joleszcz.FridgeView;
				PRODUCT_NAME = "$(TARGET_NAME)";
				SWIFT_EMIT_LOC_STRINGS = YES;
				SWIFT_VERSION = 5.0;
				TARGETED_DEVICE_FAMILY = 1;
			};
			name = Debug;
		};
		E3041F6A272C75BB00990225 /* Release */ = {
			isa = XCBuildConfiguration;
			baseConfigurationReference = BFD4A77C64CF25511E5E4041 /* Pods-FridgeView.release.xcconfig */;
			buildSettings = {
				ASSETCATALOG_COMPILER_APPICON_NAME = AppIcon;
				ASSETCATALOG_COMPILER_GLOBAL_ACCENT_COLOR_NAME = AccentColor;
				CODE_SIGN_STYLE = Automatic;
				CURRENT_PROJECT_VERSION = 1;
				DEVELOPMENT_TEAM = AVSLM7BJQV;
				GENERATE_INFOPLIST_FILE = YES;
				INFOPLIST_FILE = FridgeView/Info.plist;
				INFOPLIST_KEY_NSCameraUsageDescription = "press yes";
				INFOPLIST_KEY_UIApplicationSupportsIndirectInputEvents = YES;
				INFOPLIST_KEY_UILaunchStoryboardName = LaunchScreen;
				INFOPLIST_KEY_UIMainStoryboardFile = Main;
				INFOPLIST_KEY_UISupportedInterfaceOrientations_iPad = "UIInterfaceOrientationPortrait UIInterfaceOrientationPortraitUpsideDown UIInterfaceOrientationLandscapeLeft UIInterfaceOrientationLandscapeRight";
				INFOPLIST_KEY_UISupportedInterfaceOrientations_iPhone = "UIInterfaceOrientationPortrait UIInterfaceOrientationLandscapeLeft UIInterfaceOrientationLandscapeRight";
				LD_RUNPATH_SEARCH_PATHS = (
					"$(inherited)",
					"@executable_path/Frameworks",
				);
				MARKETING_VERSION = 1.0;
				PRODUCT_BUNDLE_IDENTIFIER = edu.umich.joleszcz.FridgeView;
				PRODUCT_NAME = "$(TARGET_NAME)";
				SWIFT_EMIT_LOC_STRINGS = YES;
				SWIFT_VERSION = 5.0;
				TARGETED_DEVICE_FAMILY = 1;
			};
			name = Release;
		};
/* End XCBuildConfiguration section */

/* Begin XCConfigurationList section */
		E3041F4F272C75BA00990225 /* Build configuration list for PBXProject "FridgeView" */ = {
			isa = XCConfigurationList;
			buildConfigurations = (
				E3041F66272C75BB00990225 /* Debug */,
				E3041F67272C75BB00990225 /* Release */,
			);
			defaultConfigurationIsVisible = 0;
			defaultConfigurationName = Release;
		};
		E3041F68272C75BB00990225 /* Build configuration list for PBXNativeTarget "FridgeView" */ = {
			isa = XCConfigurationList;
			buildConfigurations = (
				E3041F69272C75BB00990225 /* Debug */,
				E3041F6A272C75BB00990225 /* Release */,
			);
			defaultConfigurationIsVisible = 0;
			defaultConfigurationName = Release;
		};
/* End XCConfigurationList section */
	};
	rootObject = E3041F4C272C75BA00990225 /* Project object */;
}
